
Microsoft Visual Studio Solution File, Format Version 12.00
# Visual Studio Version 17
VisualStudioVersion = 17.0.32112.339
MinimumVisualStudioVersion = 10.0.40219.1
Project("{FAE04EC0-301F-11D3-BF4B-00C04F79EFBC}") = "Currency Converter", "Currency Converter\Currency Converter.csproj", "{5A2B5535-63F6-4451-A3D9-3D4531CE9274}"
EndProject
Global
	GlobalSection(SolutionConfigurationPlatforms) = preSolution
		Debug|Any CPU = Debug|Any CPU
		Release|Any CPU = Release|Any CPU
	EndGlobalSection
	GlobalSection(ProjectConfigurationPlatforms) = postSolution
		{5A2B5535-63F6-4451-A3D9-3D4531CE9274}.Debug|Any CPU.ActiveCfg = Debug|Any CPU
		{5A2B5535-63F6-4451-A3D9-3D4531CE9274}.Debug|Any CPU.Build.0 = Debug|Any CPU
		{5A2B5535-63F6-4451-A3D9-3D4531CE9274}.Release|Any CPU.ActiveCfg = Release|Any CPU
		{5A2B5535-63F6-4451-A3D9-3D4531CE9274}.Release|Any CPU.Build.0 = Release|Any CPU
	EndGlobalSection
	GlobalSection(SolutionProperties) = preSolution
		HideSolutionNode = FALSE
	EndGlobalSection
	GlobalSection(ExtensibilityGlobals) = postSolution
		SolutionGuid = {CC1566B9-8966-48A4-8B9A-59818A75F50B}
	EndGlobalSection
EndGlobal
